// !$*UTF8*$!
{
	archiveVersion = 1;
	classes = {
	};
	objectVersion = 46;
	objects = {

/* Begin PBXBuildFile section */
		139B018D1ED492D0F248E5E4 /* Pods_ParsimmonSample.framework in Frameworks */ = {isa = PBXBuildFile; fileRef = AAAA3B6E41B553AD9A31E6C1 /* Pods_ParsimmonSample.framework */; };
		38E16204A1F0817FD9E8AC50 /* Pods_ParsimmonTests.framework in Frameworks */ = {isa = PBXBuildFile; fileRef = 4606F75F6D9CFBC89EAD27C3 /* Pods_ParsimmonTests.framework */; };
		E0DA52F51AD3A94000F3A28F /* AppDelegate.swift in Sources */ = {isa = PBXBuildFile; fileRef = E0DA52F41AD3A94000F3A28F /* AppDelegate.swift */; };
		E0DA52FE1AD3A94000F3A28F /* Images.xcassets in Resources */ = {isa = PBXBuildFile; fileRef = E0DA52FD1AD3A94000F3A28F /* Images.xcassets */; };
		E0DA53011AD3A94000F3A28F /* LaunchScreen.xib in Resources */ = {isa = PBXBuildFile; fileRef = E0DA52FF1AD3A94000F3A28F /* LaunchScreen.xib */; };
		E0DA53181AD3A9B900F3A28F /* TaggerViewController.swift in Sources */ = {isa = PBXBuildFile; fileRef = E0DA53161AD3A9B900F3A28F /* TaggerViewController.swift */; };
		E0DA53191AD3A9B900F3A28F /* ClassifierViewController.swift in Sources */ = {isa = PBXBuildFile; fileRef = E0DA53171AD3A9B900F3A28F /* ClassifierViewController.swift */; };
		E0DA532B1AD3AA6100F3A28F /* LemmatizerTests.swift in Sources */ = {isa = PBXBuildFile; fileRef = E0DA53291AD3AA6100F3A28F /* LemmatizerTests.swift */; };
		E0DA532C1AD3AA6100F3A28F /* NaiveBayesClassifierTests.swift in Sources */ = {isa = PBXBuildFile; fileRef = E0DA532A1AD3AA6100F3A28F /* NaiveBayesClassifierTests.swift */; };
		E0DA53301AD3AA6700F3A28F /* DecisionTreeTests.swift in Sources */ = {isa = PBXBuildFile; fileRef = E0DA532D1AD3AA6700F3A28F /* DecisionTreeTests.swift */; };
		E0DA53311AD3AA6700F3A28F /* TaggerTests.swift in Sources */ = {isa = PBXBuildFile; fileRef = E0DA532E1AD3AA6700F3A28F /* TaggerTests.swift */; };
		E0DA53321AD3AA6700F3A28F /* TokenizerTests.swift in Sources */ = {isa = PBXBuildFile; fileRef = E0DA532F1AD3AA6700F3A28F /* TokenizerTests.swift */; };
		E0DFD7A41AD4DA29005A6CC0 /* Main.storyboard in Resources */ = {isa = PBXBuildFile; fileRef = E0DFD7A31AD4DA29005A6CC0 /* Main.storyboard */; };
/* End PBXBuildFile section */

/* Begin PBXContainerItemProxy section */
		E0DA53241AD3AA4C00F3A28F /* PBXContainerItemProxy */ = {
			isa = PBXContainerItemProxy;
			containerPortal = E0DA52E71AD3A94000F3A28F /* Project object */;
			proxyType = 1;
			remoteGlobalIDString = E0DA52EE1AD3A94000F3A28F;
			remoteInfo = ParsimmonSample;
		};
/* End PBXContainerItemProxy section */

/* Begin PBXFileReference section */
		0ABBE5C17977BB46F92C89EE /* Pods-ParsimmonSample.release.xcconfig */ = {isa = PBXFileReference; includeInIndex = 1; lastKnownFileType = text.xcconfig; name = "Pods-ParsimmonSample.release.xcconfig"; path = "Pods/Target Support Files/Pods-ParsimmonSample/Pods-ParsimmonSample.release.xcconfig"; sourceTree = "<group>"; };
		4606F75F6D9CFBC89EAD27C3 /* Pods_ParsimmonTests.framework */ = {isa = PBXFileReference; explicitFileType = wrapper.framework; includeInIndex = 0; path = Pods_ParsimmonTests.framework; sourceTree = BUILT_PRODUCTS_DIR; };
		7D04F735CEDE891B1C4DD856 /* Pods.framework */ = {isa = PBXFileReference; explicitFileType = wrapper.framework; includeInIndex = 0; path = Pods.framework; sourceTree = BUILT_PRODUCTS_DIR; };
		AAAA3B6E41B553AD9A31E6C1 /* Pods_ParsimmonSample.framework */ = {isa = PBXFileReference; explicitFileType = wrapper.framework; includeInIndex = 0; path = Pods_ParsimmonSample.framework; sourceTree = BUILT_PRODUCTS_DIR; };
		D39A1C4172D218ED9583978A /* Pods-ParsimmonTests.debug.xcconfig */ = {isa = PBXFileReference; includeInIndex = 1; lastKnownFileType = text.xcconfig; name = "Pods-ParsimmonTests.debug.xcconfig"; path = "Pods/Target Support Files/Pods-ParsimmonTests/Pods-ParsimmonTests.debug.xcconfig"; sourceTree = "<group>"; };
		DFDC3799824A3A2DDD1F95C2 /* Pods-ParsimmonTests.release.xcconfig */ = {isa = PBXFileReference; includeInIndex = 1; lastKnownFileType = text.xcconfig; name = "Pods-ParsimmonTests.release.xcconfig"; path = "Pods/Target Support Files/Pods-ParsimmonTests/Pods-ParsimmonTests.release.xcconfig"; sourceTree = "<group>"; };
		E0DA52EF1AD3A94000F3A28F /* ParsimmonSample.app */ = {isa = PBXFileReference; explicitFileType = wrapper.application; includeInIndex = 0; path = ParsimmonSample.app; sourceTree = BUILT_PRODUCTS_DIR; };
		E0DA52F31AD3A94000F3A28F /* Info.plist */ = {isa = PBXFileReference; lastKnownFileType = text.plist.xml; path = Info.plist; sourceTree = "<group>"; };
		E0DA52F41AD3A94000F3A28F /* AppDelegate.swift */ = {isa = PBXFileReference; lastKnownFileType = sourcecode.swift; path = AppDelegate.swift; sourceTree = "<group>"; };
		E0DA52FD1AD3A94000F3A28F /* Images.xcassets */ = {isa = PBXFileReference; lastKnownFileType = folder.assetcatalog; path = Images.xcassets; sourceTree = "<group>"; };
		E0DA53001AD3A94000F3A28F /* Base */ = {isa = PBXFileReference; lastKnownFileType = file.xib; name = Base; path = Base.lproj/LaunchScreen.xib; sourceTree = "<group>"; };
		E0DA53161AD3A9B900F3A28F /* TaggerViewController.swift */ = {isa = PBXFileReference; fileEncoding = 4; lastKnownFileType = sourcecode.swift; path = TaggerViewController.swift; sourceTree = "<group>"; };
		E0DA53171AD3A9B900F3A28F /* ClassifierViewController.swift */ = {isa = PBXFileReference; fileEncoding = 4; lastKnownFileType = sourcecode.swift; path = ClassifierViewController.swift; sourceTree = "<group>"; };
		E0DA531E1AD3AA4C00F3A28F /* ParsimmonTests.xctest */ = {isa = PBXFileReference; explicitFileType = wrapper.cfbundle; includeInIndex = 0; path = ParsimmonTests.xctest; sourceTree = BUILT_PRODUCTS_DIR; };
		E0DA53211AD3AA4C00F3A28F /* Info.plist */ = {isa = PBXFileReference; lastKnownFileType = text.plist.xml; path = Info.plist; sourceTree = "<group>"; };
		E0DA53291AD3AA6100F3A28F /* LemmatizerTests.swift */ = {isa = PBXFileReference; fileEncoding = 4; lastKnownFileType = sourcecode.swift; path = LemmatizerTests.swift; sourceTree = "<group>"; };
		E0DA532A1AD3AA6100F3A28F /* NaiveBayesClassifierTests.swift */ = {isa = PBXFileReference; fileEncoding = 4; lastKnownFileType = sourcecode.swift; path = NaiveBayesClassifierTests.swift; sourceTree = "<group>"; };
		E0DA532D1AD3AA6700F3A28F /* DecisionTreeTests.swift */ = {isa = PBXFileReference; fileEncoding = 4; lastKnownFileType = sourcecode.swift; path = DecisionTreeTests.swift; sourceTree = "<group>"; };
		E0DA532E1AD3AA6700F3A28F /* TaggerTests.swift */ = {isa = PBXFileReference; fileEncoding = 4; lastKnownFileType = sourcecode.swift; path = TaggerTests.swift; sourceTree = "<group>"; };
		E0DA532F1AD3AA6700F3A28F /* TokenizerTests.swift */ = {isa = PBXFileReference; fileEncoding = 4; lastKnownFileType = sourcecode.swift; path = TokenizerTests.swift; sourceTree = "<group>"; };
		E0DA53331AD42F3700F3A28F /* Parsimmon.framework */ = {isa = PBXFileReference; lastKnownFileType = wrapper.framework; name = Parsimmon.framework; path = "Pods/../build/Debug-iphoneos/Pods/Parsimmon.framework"; sourceTree = "<group>"; };
		E0DFD7A31AD4DA29005A6CC0 /* Main.storyboard */ = {isa = PBXFileReference; fileEncoding = 4; lastKnownFileType = file.storyboard; path = Main.storyboard; sourceTree = "<group>"; };
		F12923524E8D46482A4CC428 /* Pods-ParsimmonSample.debug.xcconfig */ = {isa = PBXFileReference; includeInIndex = 1; lastKnownFileType = text.xcconfig; name = "Pods-ParsimmonSample.debug.xcconfig"; path = "Pods/Target Support Files/Pods-ParsimmonSample/Pods-ParsimmonSample.debug.xcconfig"; sourceTree = "<group>"; };
/* End PBXFileReference section */

/* Begin PBXFrameworksBuildPhase section */
		E0DA52EC1AD3A94000F3A28F /* Frameworks */ = {
			isa = PBXFrameworksBuildPhase;
			buildActionMask = 2147483647;
			files = (
				139B018D1ED492D0F248E5E4 /* Pods_ParsimmonSample.framework in Frameworks */,
			);
			runOnlyForDeploymentPostprocessing = 0;
		};
		E0DA531B1AD3AA4C00F3A28F /* Frameworks */ = {
			isa = PBXFrameworksBuildPhase;
			buildActionMask = 2147483647;
			files = (
				38E16204A1F0817FD9E8AC50 /* Pods_ParsimmonTests.framework in Frameworks */,
			);
			runOnlyForDeploymentPostprocessing = 0;
		};
/* End PBXFrameworksBuildPhase section */

/* Begin PBXGroup section */
		CA8B2C5F09A33011FBC4A93D /* Frameworks */ = {
			isa = PBXGroup;
			children = (
				E0DA53331AD42F3700F3A28F /* Parsimmon.framework */,
				7D04F735CEDE891B1C4DD856 /* Pods.framework */,
				AAAA3B6E41B553AD9A31E6C1 /* Pods_ParsimmonSample.framework */,
				4606F75F6D9CFBC89EAD27C3 /* Pods_ParsimmonTests.framework */,
			);
			name = Frameworks;
			sourceTree = "<group>";
		};
		E0DA52E61AD3A94000F3A28F = {
			isa = PBXGroup;
			children = (
				E0DA52F11AD3A94000F3A28F /* ParsimmonSample */,
				E0DA531F1AD3AA4C00F3A28F /* ParsimmonTests */,
				E0DA52F01AD3A94000F3A28F /* Products */,
				CA8B2C5F09A33011FBC4A93D /* Frameworks */,
				F0A06A94FE529BE08EEDBC80 /* Pods */,
			);
			sourceTree = "<group>";
		};
		E0DA52F01AD3A94000F3A28F /* Products */ = {
			isa = PBXGroup;
			children = (
				E0DA52EF1AD3A94000F3A28F /* ParsimmonSample.app */,
				E0DA531E1AD3AA4C00F3A28F /* ParsimmonTests.xctest */,
			);
			name = Products;
			sourceTree = "<group>";
		};
		E0DA52F11AD3A94000F3A28F /* ParsimmonSample */ = {
			isa = PBXGroup;
			children = (
				E0DA52F41AD3A94000F3A28F /* AppDelegate.swift */,
				E0DA53161AD3A9B900F3A28F /* TaggerViewController.swift */,
				E0DA53171AD3A9B900F3A28F /* ClassifierViewController.swift */,
				E0DFD7A31AD4DA29005A6CC0 /* Main.storyboard */,
				E0DA52FD1AD3A94000F3A28F /* Images.xcassets */,
				E0DA52FF1AD3A94000F3A28F /* LaunchScreen.xib */,
				E0DA52F21AD3A94000F3A28F /* Supporting Files */,
			);
			path = ParsimmonSample;
			sourceTree = "<group>";
		};
		E0DA52F21AD3A94000F3A28F /* Supporting Files */ = {
			isa = PBXGroup;
			children = (
				E0DA52F31AD3A94000F3A28F /* Info.plist */,
			);
			name = "Supporting Files";
			sourceTree = "<group>";
		};
		E0DA531F1AD3AA4C00F3A28F /* ParsimmonTests */ = {
			isa = PBXGroup;
			children = (
				E0DA53291AD3AA6100F3A28F /* LemmatizerTests.swift */,
				E0DA532A1AD3AA6100F3A28F /* NaiveBayesClassifierTests.swift */,
				E0DA532D1AD3AA6700F3A28F /* DecisionTreeTests.swift */,
				E0DA532E1AD3AA6700F3A28F /* TaggerTests.swift */,
				E0DA532F1AD3AA6700F3A28F /* TokenizerTests.swift */,
				E0DA53201AD3AA4C00F3A28F /* Supporting Files */,
			);
			path = ParsimmonTests;
			sourceTree = "<group>";
		};
		E0DA53201AD3AA4C00F3A28F /* Supporting Files */ = {
			isa = PBXGroup;
			children = (
				E0DA53211AD3AA4C00F3A28F /* Info.plist */,
			);
			name = "Supporting Files";
			sourceTree = "<group>";
		};
		F0A06A94FE529BE08EEDBC80 /* Pods */ = {
			isa = PBXGroup;
			children = (
				F12923524E8D46482A4CC428 /* Pods-ParsimmonSample.debug.xcconfig */,
				0ABBE5C17977BB46F92C89EE /* Pods-ParsimmonSample.release.xcconfig */,
				D39A1C4172D218ED9583978A /* Pods-ParsimmonTests.debug.xcconfig */,
				DFDC3799824A3A2DDD1F95C2 /* Pods-ParsimmonTests.release.xcconfig */,
			);
			name = Pods;
			sourceTree = "<group>";
		};
/* End PBXGroup section */

/* Begin PBXNativeTarget section */
		E0DA52EE1AD3A94000F3A28F /* ParsimmonSample */ = {
			isa = PBXNativeTarget;
			buildConfigurationList = E0DA53101AD3A94000F3A28F /* Build configuration list for PBXNativeTarget "ParsimmonSample" */;
			buildPhases = (
				55F191AC8FC389C81EE340C6 /* [CP] Check Pods Manifest.lock */,
				E0DA52EB1AD3A94000F3A28F /* Sources */,
				E0DA52EC1AD3A94000F3A28F /* Frameworks */,
				E0DA52ED1AD3A94000F3A28F /* Resources */,
				5EB3857DAF79A136E4276018 /* [CP] Embed Pods Frameworks */,
				4917CE20804C22932EE70857 /* [CP] Copy Pods Resources */,
			);
			buildRules = (
			);
			dependencies = (
			);
			name = ParsimmonSample;
			productName = ParsimmonSample;
			productReference = E0DA52EF1AD3A94000F3A28F /* ParsimmonSample.app */;
			productType = "com.apple.product-type.application";
		};
		E0DA531D1AD3AA4C00F3A28F /* ParsimmonTests */ = {
			isa = PBXNativeTarget;
			buildConfigurationList = E0DA53261AD3AA4C00F3A28F /* Build configuration list for PBXNativeTarget "ParsimmonTests" */;
			buildPhases = (
				4004A37DD170778334FA90CD /* [CP] Check Pods Manifest.lock */,
				E0DA531A1AD3AA4C00F3A28F /* Sources */,
				E0DA531B1AD3AA4C00F3A28F /* Frameworks */,
				E0DA531C1AD3AA4C00F3A28F /* Resources */,
				098E3DDB32CC63D8BD2591B2 /* [CP] Embed Pods Frameworks */,
				5A9BE5ACD0EDFEDADE523847 /* [CP] Copy Pods Resources */,
			);
			buildRules = (
			);
			dependencies = (
				E0DA53251AD3AA4C00F3A28F /* PBXTargetDependency */,
			);
			name = ParsimmonTests;
			productName = ParsimmonTests;
			productReference = E0DA531E1AD3AA4C00F3A28F /* ParsimmonTests.xctest */;
			productType = "com.apple.product-type.bundle.unit-test";
		};
/* End PBXNativeTarget section */

/* Begin PBXProject section */
		E0DA52E71AD3A94000F3A28F /* Project object */ = {
			isa = PBXProject;
			attributes = {
				LastSwiftUpdateCheck = 0710;
				LastUpgradeCheck = 0810;
				ORGANIZATIONNAME = "Ayaka Nonaka";
				TargetAttributes = {
					E0DA52EE1AD3A94000F3A28F = {
						CreatedOnToolsVersion = 6.3;
						LastSwiftMigration = 0810;
					};
					E0DA531D1AD3AA4C00F3A28F = {
						CreatedOnToolsVersion = 6.3;
						LastSwiftMigration = 0810;
						TestTargetID = E0DA52EE1AD3A94000F3A28F;
					};
				};
			};
			buildConfigurationList = E0DA52EA1AD3A94000F3A28F /* Build configuration list for PBXProject "ParsimmonSample" */;
			compatibilityVersion = "Xcode 3.2";
			developmentRegion = English;
			hasScannedForEncodings = 0;
			knownRegions = (
				en,
				Base,
			);
			mainGroup = E0DA52E61AD3A94000F3A28F;
			productRefGroup = E0DA52F01AD3A94000F3A28F /* Products */;
			projectDirPath = "";
			projectRoot = "";
			targets = (
				E0DA52EE1AD3A94000F3A28F /* ParsimmonSample */,
				E0DA531D1AD3AA4C00F3A28F /* ParsimmonTests */,
			);
		};
/* End PBXProject section */

/* Begin PBXResourcesBuildPhase section */
		E0DA52ED1AD3A94000F3A28F /* Resources */ = {
			isa = PBXResourcesBuildPhase;
			buildActionMask = 2147483647;
			files = (
				E0DFD7A41AD4DA29005A6CC0 /* Main.storyboard in Resources */,
				E0DA53011AD3A94000F3A28F /* LaunchScreen.xib in Resources */,
				E0DA52FE1AD3A94000F3A28F /* Images.xcassets in Resources */,
			);
			runOnlyForDeploymentPostprocessing = 0;
		};
		E0DA531C1AD3AA4C00F3A28F /* Resources */ = {
			isa = PBXResourcesBuildPhase;
			buildActionMask = 2147483647;
			files = (
			);
			runOnlyForDeploymentPostprocessing = 0;
		};
/* End PBXResourcesBuildPhase section */

/* Begin PBXShellScriptBuildPhase section */
		098E3DDB32CC63D8BD2591B2 /* [CP] Embed Pods Frameworks */ = {
			isa = PBXShellScriptBuildPhase;
			buildActionMask = 2147483647;
			files = (
			);
			inputPaths = (
			);
			name = "[CP] Embed Pods Frameworks";
			outputPaths = (
			);
			runOnlyForDeploymentPostprocessing = 0;
			shellPath = /bin/sh;
			shellScript = "\"${SRCROOT}/Pods/Target Support Files/Pods-ParsimmonTests/Pods-ParsimmonTests-frameworks.sh\"\n";
			showEnvVarsInLog = 0;
		};
		4004A37DD170778334FA90CD /* [CP] Check Pods Manifest.lock */ = {
			isa = PBXShellScriptBuildPhase;
			buildActionMask = 2147483647;
			files = (
			);
			inputPaths = (
			);
			name = "[CP] Check Pods Manifest.lock";
			outputPaths = (
			);
			runOnlyForDeploymentPostprocessing = 0;
			shellPath = /bin/sh;
			shellScript = "diff \"${PODS_ROOT}/../Podfile.lock\" \"${PODS_ROOT}/Manifest.lock\" > /dev/null\nif [ $? != 0 ] ; then\n    # print error to STDERR\n    echo \"error: The sandbox is not in sync with the Podfile.lock. Run 'pod install' or update your CocoaPods installation.\" >&2\n    exit 1\nfi\n";
			showEnvVarsInLog = 0;
		};
		4917CE20804C22932EE70857 /* [CP] Copy Pods Resources */ = {
			isa = PBXShellScriptBuildPhase;
			buildActionMask = 2147483647;
			files = (
			);
			inputPaths = (
			);
			name = "[CP] Copy Pods Resources";
			outputPaths = (
			);
			runOnlyForDeploymentPostprocessing = 0;
			shellPath = /bin/sh;
			shellScript = "\"${SRCROOT}/Pods/Target Support Files/Pods-ParsimmonSample/Pods-ParsimmonSample-resources.sh\"\n";
			showEnvVarsInLog = 0;
		};
		55F191AC8FC389C81EE340C6 /* [CP] Check Pods Manifest.lock */ = {
			isa = PBXShellScriptBuildPhase;
			buildActionMask = 2147483647;
			files = (
			);
			inputPaths = (
			);
			name = "[CP] Check Pods Manifest.lock";
			outputPaths = (
			);
			runOnlyForDeploymentPostprocessing = 0;
			shellPath = /bin/sh;
			shellScript = "diff \"${PODS_ROOT}/../Podfile.lock\" \"${PODS_ROOT}/Manifest.lock\" > /dev/null\nif [ $? != 0 ] ; then\n    # print error to STDERR\n    echo \"error: The sandbox is not in sync with the Podfile.lock. Run 'pod install' or update your CocoaPods installation.\" >&2\n    exit 1\nfi\n";
			showEnvVarsInLog = 0;
		};
		5A9BE5ACD0EDFEDADE523847 /* [CP] Copy Pods Resources */ = {
			isa = PBXShellScriptBuildPhase;
			buildActionMask = 2147483647;
			files = (
			);
			inputPaths = (
			);
			name = "[CP] Copy Pods Resources";
			outputPaths = (
			);
			runOnlyForDeploymentPostprocessing = 0;
			shellPath = /bin/sh;
			shellScript = "\"${SRCROOT}/Pods/Target Support Files/Pods-ParsimmonTests/Pods-ParsimmonTests-resources.sh\"\n";
			showEnvVarsInLog = 0;
		};
		5EB3857DAF79A136E4276018 /* [CP] Embed Pods Frameworks */ = {
			isa = PBXShellScriptBuildPhase;
			buildActionMask = 2147483647;
			files = (
			);
			inputPaths = (
			);
			name = "[CP] Embed Pods Frameworks";
			outputPaths = (
			);
			runOnlyForDeploymentPostprocessing = 0;
			shellPath = /bin/sh;
			shellScript = "\"${SRCROOT}/Pods/Target Support Files/Pods-ParsimmonSample/Pods-ParsimmonSample-frameworks.sh\"\n";
			showEnvVarsInLog = 0;
		};
/* End PBXShellScriptBuildPhase section */

/* Begin PBXSourcesBuildPhase section */
		E0DA52EB1AD3A94000F3A28F /* Sources */ = {
			isa = PBXSourcesBuildPhase;
			buildActionMask = 2147483647;
			files = (
				E0DA52F51AD3A94000F3A28F /* AppDelegate.swift in Sources */,
				E0DA53181AD3A9B900F3A28F /* TaggerViewController.swift in Sources */,
				E0DA53191AD3A9B900F3A28F /* ClassifierViewController.swift in Sources */,
			);
			runOnlyForDeploymentPostprocessing = 0;
		};
		E0DA531A1AD3AA4C00F3A28F /* Sources */ = {
			isa = PBXSourcesBuildPhase;
			buildActionMask = 2147483647;
			files = (
				E0DA53311AD3AA6700F3A28F /* TaggerTests.swift in Sources */,
				E0DA532C1AD3AA6100F3A28F /* NaiveBayesClassifierTests.swift in Sources */,
				E0DA53321AD3AA6700F3A28F /* TokenizerTests.swift in Sources */,
				E0DA532B1AD3AA6100F3A28F /* LemmatizerTests.swift in Sources */,
				E0DA53301AD3AA6700F3A28F /* DecisionTreeTests.swift in Sources */,
			);
			runOnlyForDeploymentPostprocessing = 0;
		};
/* End PBXSourcesBuildPhase section */

/* Begin PBXTargetDependency section */
		E0DA53251AD3AA4C00F3A28F /* PBXTargetDependency */ = {
			isa = PBXTargetDependency;
			target = E0DA52EE1AD3A94000F3A28F /* ParsimmonSample */;
			targetProxy = E0DA53241AD3AA4C00F3A28F /* PBXContainerItemProxy */;
		};
/* End PBXTargetDependency section */

/* Begin PBXVariantGroup section */
		E0DA52FF1AD3A94000F3A28F /* LaunchScreen.xib */ = {
			isa = PBXVariantGroup;
			children = (
				E0DA53001AD3A94000F3A28F /* Base */,
			);
			name = LaunchScreen.xib;
			sourceTree = "<group>";
		};
/* End PBXVariantGroup section */

/* Begin XCBuildConfiguration section */
		E0DA530E1AD3A94000F3A28F /* Debug */ = {
			isa = XCBuildConfiguration;
			buildSettings = {
				ALWAYS_SEARCH_USER_PATHS = NO;
				CLANG_CXX_LANGUAGE_STANDARD = "gnu++0x";
				CLANG_CXX_LIBRARY = "libc++";
				CLANG_ENABLE_MODULES = YES;
				CLANG_ENABLE_OBJC_ARC = YES;
				CLANG_WARN_BOOL_CONVERSION = YES;
				CLANG_WARN_CONSTANT_CONVERSION = YES;
				CLANG_WARN_DIRECT_OBJC_ISA_USAGE = YES_ERROR;
				CLANG_WARN_EMPTY_BODY = YES;
				CLANG_WARN_ENUM_CONVERSION = YES;
				CLANG_WARN_INFINITE_RECURSION = YES;
				CLANG_WARN_INT_CONVERSION = YES;
				CLANG_WARN_OBJC_ROOT_CLASS = YES_ERROR;
				CLANG_WARN_SUSPICIOUS_MOVE = YES;
				CLANG_WARN_UNREACHABLE_CODE = YES;
				CLANG_WARN__DUPLICATE_METHOD_MATCH = YES;
				"CODE_SIGN_IDENTITY[sdk=iphoneos*]" = "iPhone Developer";
				COPY_PHASE_STRIP = NO;
				DEBUG_INFORMATION_FORMAT = dwarf;
				ENABLE_STRICT_OBJC_MSGSEND = YES;
				ENABLE_TESTABILITY = YES;
				GCC_C_LANGUAGE_STANDARD = gnu99;
				GCC_DYNAMIC_NO_PIC = NO;
				GCC_NO_COMMON_BLOCKS = YES;
				GCC_OPTIMIZATION_LEVEL = 0;
				GCC_PREPROCESSOR_DEFINITIONS = (
					"DEBUG=1",
					"$(inherited)",
				);
				GCC_SYMBOLS_PRIVATE_EXTERN = NO;
				GCC_WARN_64_TO_32_BIT_CONVERSION = YES;
				GCC_WARN_ABOUT_RETURN_TYPE = YES_ERROR;
				GCC_WARN_UNDECLARED_SELECTOR = YES;
				GCC_WARN_UNINITIALIZED_AUTOS = YES_AGGRESSIVE;
				GCC_WARN_UNUSED_FUNCTION = YES;
				GCC_WARN_UNUSED_VARIABLE = YES;
				IPHONEOS_DEPLOYMENT_TARGET = 8.3;
				MTL_ENABLE_DEBUG_INFO = YES;
				ONLY_ACTIVE_ARCH = YES;
				SDKROOT = iphoneos;
				SWIFT_OPTIMIZATION_LEVEL = "-Onone";
			};
			name = Debug;
		};
		E0DA530F1AD3A94000F3A28F /* Release */ = {
			isa = XCBuildConfiguration;
			buildSettings = {
				ALWAYS_SEARCH_USER_PATHS = NO;
				CLANG_CXX_LANGUAGE_STANDARD = "gnu++0x";
				CLANG_CXX_LIBRARY = "libc++";
				CLANG_ENABLE_MODULES = YES;
				CLANG_ENABLE_OBJC_ARC = YES;
				CLANG_WARN_BOOL_CONVERSION = YES;
				CLANG_WARN_CONSTANT_CONVERSION = YES;
				CLANG_WARN_DIRECT_OBJC_ISA_USAGE = YES_ERROR;
				CLANG_WARN_EMPTY_BODY = YES;
				CLANG_WARN_ENUM_CONVERSION = YES;
				CLANG_WARN_INFINITE_RECURSION = YES;
				CLANG_WARN_INT_CONVERSION = YES;
				CLANG_WARN_OBJC_ROOT_CLASS = YES_ERROR;
				CLANG_WARN_SUSPICIOUS_MOVE = YES;
				CLANG_WARN_UNREACHABLE_CODE = YES;
				CLANG_WARN__DUPLICATE_METHOD_MATCH = YES;
				"CODE_SIGN_IDENTITY[sdk=iphoneos*]" = "iPhone Developer";
				COPY_PHASE_STRIP = NO;
				DEBUG_INFORMATION_FORMAT = "dwarf-with-dsym";
				ENABLE_NS_ASSERTIONS = NO;
				ENABLE_STRICT_OBJC_MSGSEND = YES;
				GCC_C_LANGUAGE_STANDARD = gnu99;
				GCC_NO_COMMON_BLOCKS = YES;
				GCC_WARN_64_TO_32_BIT_CONVERSION = YES;
				GCC_WARN_ABOUT_RETURN_TYPE = YES_ERROR;
				GCC_WARN_UNDECLARED_SELECTOR = YES;
				GCC_WARN_UNINITIALIZED_AUTOS = YES_AGGRESSIVE;
				GCC_WARN_UNUSED_FUNCTION = YES;
				GCC_WARN_UNUSED_VARIABLE = YES;
				IPHONEOS_DEPLOYMENT_TARGET = 8.3;
				MTL_ENABLE_DEBUG_INFO = NO;
				SDKROOT = iphoneos;
				SWIFT_OPTIMIZATION_LEVEL = "-Owholemodule";
				VALIDATE_PRODUCT = YES;
			};
			name = Release;
		};
		E0DA53111AD3A94000F3A28F /* Debug */ = {
			isa = XCBuildConfiguration;
			baseConfigurationReference = F12923524E8D46482A4CC428 /* Pods-ParsimmonSample.debug.xcconfig */;
			buildSettings = {
				ALWAYS_EMBED_SWIFT_STANDARD_LIBRARIES = YES;
				ASSETCATALOG_COMPILER_APPICON_NAME = AppIcon;
				INFOPLIST_FILE = ParsimmonSample/Info.plist;
				LD_RUNPATH_SEARCH_PATHS = "$(inherited) @executable_path/Frameworks";
				PRODUCT_BUNDLE_IDENTIFIER = "com.ayakanonaka.$(PRODUCT_NAME:rfc1034identifier)";
				PRODUCT_NAME = "$(TARGET_NAME)";
				SWIFT_VERSION = 3.0;
			};
			name = Debug;
		};
		E0DA53121AD3A94000F3A28F /* Release */ = {
			isa = XCBuildConfiguration;
			baseConfigurationReference = 0ABBE5C17977BB46F92C89EE /* Pods-ParsimmonSample.release.xcconfig */;
			buildSettings = {
				ALWAYS_EMBED_SWIFT_STANDARD_LIBRARIES = YES;
				ASSETCATALOG_COMPILER_APPICON_NAME = AppIcon;
				INFOPLIST_FILE = ParsimmonSample/Info.plist;
				LD_RUNPATH_SEARCH_PATHS = "$(inherited) @executable_path/Frameworks";
				PRODUCT_BUNDLE_IDENTIFIER = "com.ayakanonaka.$(PRODUCT_NAME:rfc1034identifier)";
				PRODUCT_NAME = "$(TARGET_NAME)";
				SWIFT_VERSION = 3.0;
			};
			name = Release;
		};
		E0DA53271AD3AA4C00F3A28F /* Debug */ = {
			isa = XCBuildConfiguration;
			baseConfigurationReference = D39A1C4172D218ED9583978A /* Pods-ParsimmonTests.debug.xcconfig */;
			buildSettings = {
				ALWAYS_EMBED_SWIFT_STANDARD_LIBRARIES = YES;
				BUNDLE_LOADER = "$(TEST_HOST)";
				FRAMEWORK_SEARCH_PATHS = (
					"$(SDKROOT)/Developer/Library/Frameworks",
					"$(inherited)",
				);
				GCC_PREPROCESSOR_DEFINITIONS = (
					"DEBUG=1",
					"$(inherited)",
				);
				INFOPLIST_FILE = ParsimmonTests/Info.plist;
				LD_RUNPATH_SEARCH_PATHS = "$(inherited) @executable_path/Frameworks @loader_path/Frameworks";
				PRODUCT_BUNDLE_IDENTIFIER = "com.ayakanonaka.$(PRODUCT_NAME:rfc1034identifier)";
				PRODUCT_NAME = "$(TARGET_NAME)";
				SWIFT_VERSION = 3.0;
				TEST_HOST = "$(BUILT_PRODUCTS_DIR)/ParsimmonSample.app/ParsimmonSample";
			};
			name = Debug;
		};
		E0DA53281AD3AA4C00F3A28F /* Release */ = {
			isa = XCBuildConfiguration;
			baseConfigurationReference = DFDC3799824A3A2DDD1F95C2 /* Pods-ParsimmonTests.release.xcconfig */;
			buildSettings = {
				ALWAYS_EMBED_SWIFT_STANDARD_LIBRARIES = YES;
				BUNDLE_LOADER = "$(TEST_HOST)";
				FRAMEWORK_SEARCH_PATHS = (
					"$(SDKROOT)/Developer/Library/Frameworks",
					"$(inherited)",
					"$(PROJECT_DIR)/build/Debug-iphoneos/Pods",
				);
				INFOPLIST_FILE = ParsimmonTests/Info.plist;
				LD_RUNPATH_SEARCH_PATHS = "$(inherited) @executable_path/Frameworks @loader_path/Frameworks";
				PRODUCT_BUNDLE_IDENTIFIER = "com.ayakanonaka.$(PRODUCT_NAME:rfc1034identifier)";
				PRODUCT_NAME = "$(TARGET_NAME)";
				SWIFT_VERSION = 3.0;
				TEST_HOST = "$(BUILT_PRODUCTS_DIR)/ParsimmonSample.app/ParsimmonSample";
			};
			name = Release;
		};
/* End XCBuildConfiguration section */

/* Begin XCConfigurationList section */
		E0DA52EA1AD3A94000F3A28F /* Build configuration list for PBXProject "ParsimmonSample" */ = {
			isa = XCConfigurationList;
			buildConfigurations = (
				E0DA530E1AD3A94000F3A28F /* Debug */,
				E0DA530F1AD3A94000F3A28F /* Release */,
			);
			defaultConfigurationIsVisible = 0;
			defaultConfigurationName = Release;
		};
		E0DA53101AD3A94000F3A28F /* Build configuration list for PBXNativeTarget "ParsimmonSample" */ = {
			isa = XCConfigurationList;
			buildConfigurations = (
				E0DA53111AD3A94000F3A28F /* Debug */,
				E0DA53121AD3A94000F3A28F /* Release */,
			);
			defaultConfigurationIsVisible = 0;
			defaultConfigurationName = Release;
		};
		E0DA53261AD3AA4C00F3A28F /* Build configuration list for PBXNativeTarget "ParsimmonTests" */ = {
			isa = XCConfigurationList;
			buildConfigurations = (
				E0DA53271AD3AA4C00F3A28F /* Debug */,
				E0DA53281AD3AA4C00F3A28F /* Release */,
			);
			defaultConfigurationIsVisible = 0;
			defaultConfigurationName = Release;
		};
/* End XCConfigurationList section */
	};
	rootObject = E0DA52E71AD3A94000F3A28F /* Project object */;
}
