// !$*UTF8*$!
{
	archiveVersion = 1;
	classes = {
	};
	objectVersion = 46;
	objects = {

/* Begin PBXBuildFile section */
		B63E18C418E618160006BD3E /* InfoPlist.strings in Resources */ = {isa = PBXBuildFile; fileRef = B63E18BC18E618160006BD3E /* InfoPlist.strings */; };
		B63E18C518E618160006BD3E /* ParsimmonTests-Info.plist in Resources */ = {isa = PBXBuildFile; fileRef = B63E18BE18E618160006BD3E /* ParsimmonTests-Info.plist */; };
		B63E18CB18E6196A0006BD3E /* ParsimmonDecisionTreeTests.m in Sources */ = {isa = PBXBuildFile; fileRef = B63E18C018E618160006BD3E /* ParsimmonDecisionTreeTests.m */; };
		B63E18CC18E6196D0006BD3E /* ParsimmonLemmatizerTests.m in Sources */ = {isa = PBXBuildFile; fileRef = B63E18C118E618160006BD3E /* ParsimmonLemmatizerTests.m */; };
		B63E18CD18E619710006BD3E /* ParsimmonTaggerTests.m in Sources */ = {isa = PBXBuildFile; fileRef = B63E18C218E618160006BD3E /* ParsimmonTaggerTests.m */; };
		B63E18CE18E619750006BD3E /* ParsimmonTokenizerTests.m in Sources */ = {isa = PBXBuildFile; fileRef = B63E18C318E618160006BD3E /* ParsimmonTokenizerTests.m */; };
		B670057B1807D79500CFF860 /* Foundation.framework in Frameworks */ = {isa = PBXBuildFile; fileRef = B670057A1807D79500CFF860 /* Foundation.framework */; };
		B670057D1807D79500CFF860 /* CoreGraphics.framework in Frameworks */ = {isa = PBXBuildFile; fileRef = B670057C1807D79500CFF860 /* CoreGraphics.framework */; };
		B67005851807D79500CFF860 /* InfoPlist.strings in Resources */ = {isa = PBXBuildFile; fileRef = B67005831807D79500CFF860 /* InfoPlist.strings */; };
		B67005871807D79500CFF860 /* main.m in Sources */ = {isa = PBXBuildFile; fileRef = B67005861807D79500CFF860 /* main.m */; };
		B670058B1807D79500CFF860 /* AppDelegate.m in Sources */ = {isa = PBXBuildFile; fileRef = B670058A1807D79500CFF860 /* AppDelegate.m */; };
		B670058E1807D79500CFF860 /* Main.storyboard in Resources */ = {isa = PBXBuildFile; fileRef = B670058C1807D79500CFF860 /* Main.storyboard */; };
		B67005911807D79500CFF860 /* TaggerViewController.m in Sources */ = {isa = PBXBuildFile; fileRef = B67005901807D79500CFF860 /* TaggerViewController.m */; };
		B67005931807D79500CFF860 /* Images.xcassets in Resources */ = {isa = PBXBuildFile; fileRef = B67005921807D79500CFF860 /* Images.xcassets */; };
		B670059A1807D79500CFF860 /* XCTest.framework in Frameworks */ = {isa = PBXBuildFile; fileRef = B67005991807D79500CFF860 /* XCTest.framework */; };
		B670059B1807D79500CFF860 /* Foundation.framework in Frameworks */ = {isa = PBXBuildFile; fileRef = B670057A1807D79500CFF860 /* Foundation.framework */; };
		B67005B01807D80E00CFF860 /* ParsimmonTokenizer.m in Sources */ = {isa = PBXBuildFile; fileRef = B67005AF1807D80E00CFF860 /* ParsimmonTokenizer.m */; };
		B67005B31808595600CFF860 /* UIKit.framework in Frameworks */ = {isa = PBXBuildFile; fileRef = B67005B21808595600CFF860 /* UIKit.framework */; };
		B67005BB1809CD5600CFF860 /* ParsimmonTagger.m in Sources */ = {isa = PBXBuildFile; fileRef = B67005BA1809CD5600CFF860 /* ParsimmonTagger.m */; };
		B67005BE1809CE2F00CFF860 /* ParsimmonTaggedToken.m in Sources */ = {isa = PBXBuildFile; fileRef = B67005BD1809CE2F00CFF860 /* ParsimmonTaggedToken.m */; };
		B67005C1180A05FC00CFF860 /* ParsimmonLemmatizer.m in Sources */ = {isa = PBXBuildFile; fileRef = B67005C0180A05FC00CFF860 /* ParsimmonLemmatizer.m */; };
		B67005C4180A0A1D00CFF860 /* ParsimmonSeed.m in Sources */ = {isa = PBXBuildFile; fileRef = B67005C3180A0A1D00CFF860 /* ParsimmonSeed.m */; };
		B692A4A919555E3800344E36 /* ParsimmonNaiveBayesClassifierTests.m in Sources */ = {isa = PBXBuildFile; fileRef = B692A4A819555E3800344E36 /* ParsimmonNaiveBayesClassifierTests.m */; };
		B6A43FD318837077000F61BA /* ParsimmonDecisionTree.m in Sources */ = {isa = PBXBuildFile; fileRef = B6A43FD218837077000F61BA /* ParsimmonDecisionTree.m */; };
		B6A43FD618837CF6000F61BA /* ParsimmonNode.m in Sources */ = {isa = PBXBuildFile; fileRef = B6A43FD518837CF6000F61BA /* ParsimmonNode.m */; };
		B6B05E08180A85B500D7F34F /* ParsimmonNaiveBayesClassifier.m in Sources */ = {isa = PBXBuildFile; fileRef = B6B05E07180A85B500D7F34F /* ParsimmonNaiveBayesClassifier.m */; };
		B6B05E36180B633F00D7F34F /* ClassifierViewController.m in Sources */ = {isa = PBXBuildFile; fileRef = B6B05E35180B633F00D7F34F /* ClassifierViewController.m */; };
/* End PBXBuildFile section */

/* Begin PBXContainerItemProxy section */
		B670059D1807D79500CFF860 /* PBXContainerItemProxy */ = {
			isa = PBXContainerItemProxy;
			containerPortal = B670056D1807D77000CFF860 /* Project object */;
			proxyType = 1;
			remoteGlobalIDString = B67005761807D79500CFF860;
			remoteInfo = Example;
		};
/* End PBXContainerItemProxy section */

/* Begin PBXFileReference section */
		B63E18BD18E618160006BD3E /* en */ = {isa = PBXFileReference; lastKnownFileType = text.plist.strings; name = en; path = en.lproj/InfoPlist.strings; sourceTree = "<group>"; };
		B63E18BE18E618160006BD3E /* ParsimmonTests-Info.plist */ = {isa = PBXFileReference; fileEncoding = 4; lastKnownFileType = text.plist.xml; path = "ParsimmonTests-Info.plist"; sourceTree = "<group>"; };
		B63E18C018E618160006BD3E /* ParsimmonDecisionTreeTests.m */ = {isa = PBXFileReference; fileEncoding = 4; lastKnownFileType = sourcecode.c.objc; path = ParsimmonDecisionTreeTests.m; sourceTree = "<group>"; };
		B63E18C118E618160006BD3E /* ParsimmonLemmatizerTests.m */ = {isa = PBXFileReference; fileEncoding = 4; lastKnownFileType = sourcecode.c.objc; path = ParsimmonLemmatizerTests.m; sourceTree = "<group>"; };
		B63E18C218E618160006BD3E /* ParsimmonTaggerTests.m */ = {isa = PBXFileReference; fileEncoding = 4; lastKnownFileType = sourcecode.c.objc; path = ParsimmonTaggerTests.m; sourceTree = "<group>"; };
		B63E18C318E618160006BD3E /* ParsimmonTokenizerTests.m */ = {isa = PBXFileReference; fileEncoding = 4; lastKnownFileType = sourcecode.c.objc; path = ParsimmonTokenizerTests.m; sourceTree = "<group>"; };
		B67005771807D79500CFF860 /* Parsimmon.app */ = {isa = PBXFileReference; explicitFileType = wrapper.application; includeInIndex = 0; path = Parsimmon.app; sourceTree = BUILT_PRODUCTS_DIR; };
		B670057A1807D79500CFF860 /* Foundation.framework */ = {isa = PBXFileReference; lastKnownFileType = wrapper.framework; name = Foundation.framework; path = System/Library/Frameworks/Foundation.framework; sourceTree = SDKROOT; };
		B670057C1807D79500CFF860 /* CoreGraphics.framework */ = {isa = PBXFileReference; lastKnownFileType = wrapper.framework; name = CoreGraphics.framework; path = System/Library/Frameworks/CoreGraphics.framework; sourceTree = SDKROOT; };
		B67005821807D79500CFF860 /* Example-Info.plist */ = {isa = PBXFileReference; lastKnownFileType = text.plist.xml; path = "Example-Info.plist"; sourceTree = "<group>"; };
		B67005841807D79500CFF860 /* en */ = {isa = PBXFileReference; lastKnownFileType = text.plist.strings; name = en; path = en.lproj/InfoPlist.strings; sourceTree = "<group>"; };
		B67005861807D79500CFF860 /* main.m */ = {isa = PBXFileReference; lastKnownFileType = sourcecode.c.objc; path = main.m; sourceTree = "<group>"; };
		B67005881807D79500CFF860 /* Example-Prefix.pch */ = {isa = PBXFileReference; lastKnownFileType = sourcecode.c.h; path = "Example-Prefix.pch"; sourceTree = "<group>"; };
		B67005891807D79500CFF860 /* AppDelegate.h */ = {isa = PBXFileReference; lastKnownFileType = sourcecode.c.h; path = AppDelegate.h; sourceTree = "<group>"; };
		B670058A1807D79500CFF860 /* AppDelegate.m */ = {isa = PBXFileReference; lastKnownFileType = sourcecode.c.objc; path = AppDelegate.m; sourceTree = "<group>"; };
		B670058D1807D79500CFF860 /* Base */ = {isa = PBXFileReference; lastKnownFileType = file.storyboard; name = Base; path = Base.lproj/Main.storyboard; sourceTree = "<group>"; };
		B670058F1807D79500CFF860 /* TaggerViewController.h */ = {isa = PBXFileReference; lastKnownFileType = sourcecode.c.h; path = TaggerViewController.h; sourceTree = "<group>"; };
		B67005901807D79500CFF860 /* TaggerViewController.m */ = {isa = PBXFileReference; lastKnownFileType = sourcecode.c.objc; path = TaggerViewController.m; sourceTree = "<group>"; };
		B67005921807D79500CFF860 /* Images.xcassets */ = {isa = PBXFileReference; lastKnownFileType = folder.assetcatalog; path = Images.xcassets; sourceTree = "<group>"; };
		B67005981807D79500CFF860 /* ParsimmonTests.xctest */ = {isa = PBXFileReference; explicitFileType = wrapper.cfbundle; includeInIndex = 0; path = ParsimmonTests.xctest; sourceTree = BUILT_PRODUCTS_DIR; };
		B67005991807D79500CFF860 /* XCTest.framework */ = {isa = PBXFileReference; lastKnownFileType = wrapper.framework; name = XCTest.framework; path = Library/Frameworks/XCTest.framework; sourceTree = DEVELOPER_DIR; };
		B67005AE1807D80E00CFF860 /* ParsimmonTokenizer.h */ = {isa = PBXFileReference; fileEncoding = 4; lastKnownFileType = sourcecode.c.h; path = ParsimmonTokenizer.h; sourceTree = "<group>"; };
		B67005AF1807D80E00CFF860 /* ParsimmonTokenizer.m */ = {isa = PBXFileReference; fileEncoding = 4; lastKnownFileType = sourcecode.c.objc; path = ParsimmonTokenizer.m; sourceTree = "<group>"; };
		B67005B21808595600CFF860 /* UIKit.framework */ = {isa = PBXFileReference; lastKnownFileType = wrapper.framework; name = UIKit.framework; path = Platforms/iPhoneOS.platform/Developer/SDKs/iPhoneOS7.0.sdk/System/Library/Frameworks/UIKit.framework; sourceTree = DEVELOPER_DIR; };
		B67005B91809CD5600CFF860 /* ParsimmonTagger.h */ = {isa = PBXFileReference; fileEncoding = 4; lastKnownFileType = sourcecode.c.h; path = ParsimmonTagger.h; sourceTree = "<group>"; };
		B67005BA1809CD5600CFF860 /* ParsimmonTagger.m */ = {isa = PBXFileReference; fileEncoding = 4; lastKnownFileType = sourcecode.c.objc; path = ParsimmonTagger.m; sourceTree = "<group>"; };
		B67005BC1809CE2F00CFF860 /* ParsimmonTaggedToken.h */ = {isa = PBXFileReference; fileEncoding = 4; lastKnownFileType = sourcecode.c.h; path = ParsimmonTaggedToken.h; sourceTree = "<group>"; };
		B67005BD1809CE2F00CFF860 /* ParsimmonTaggedToken.m */ = {isa = PBXFileReference; fileEncoding = 4; lastKnownFileType = sourcecode.c.objc; path = ParsimmonTaggedToken.m; sourceTree = "<group>"; };
		B67005BF180A05FC00CFF860 /* ParsimmonLemmatizer.h */ = {isa = PBXFileReference; fileEncoding = 4; lastKnownFileType = sourcecode.c.h; path = ParsimmonLemmatizer.h; sourceTree = "<group>"; };
		B67005C0180A05FC00CFF860 /* ParsimmonLemmatizer.m */ = {isa = PBXFileReference; fileEncoding = 4; lastKnownFileType = sourcecode.c.objc; path = ParsimmonLemmatizer.m; sourceTree = "<group>"; };
		B67005C2180A0A1D00CFF860 /* ParsimmonSeed.h */ = {isa = PBXFileReference; fileEncoding = 4; lastKnownFileType = sourcecode.c.h; path = ParsimmonSeed.h; sourceTree = "<group>"; };
		B67005C3180A0A1D00CFF860 /* ParsimmonSeed.m */ = {isa = PBXFileReference; fileEncoding = 4; lastKnownFileType = sourcecode.c.objc; path = ParsimmonSeed.m; sourceTree = "<group>"; };
		B6700608180A2A5A00CFF860 /* Parsimmon.h */ = {isa = PBXFileReference; fileEncoding = 4; lastKnownFileType = sourcecode.c.h; path = Parsimmon.h; sourceTree = "<group>"; };
		B692A4A819555E3800344E36 /* ParsimmonNaiveBayesClassifierTests.m */ = {isa = PBXFileReference; fileEncoding = 4; lastKnownFileType = sourcecode.c.objc; path = ParsimmonNaiveBayesClassifierTests.m; sourceTree = "<group>"; };
		B6A43FD118837077000F61BA /* ParsimmonDecisionTree.h */ = {isa = PBXFileReference; fileEncoding = 4; lastKnownFileType = sourcecode.c.h; path = ParsimmonDecisionTree.h; sourceTree = "<group>"; };
		B6A43FD218837077000F61BA /* ParsimmonDecisionTree.m */ = {isa = PBXFileReference; fileEncoding = 4; lastKnownFileType = sourcecode.c.objc; path = ParsimmonDecisionTree.m; sourceTree = "<group>"; };
		B6A43FD418837CF6000F61BA /* ParsimmonNode.h */ = {isa = PBXFileReference; fileEncoding = 4; lastKnownFileType = sourcecode.c.h; path = ParsimmonNode.h; sourceTree = "<group>"; };
		B6A43FD518837CF6000F61BA /* ParsimmonNode.m */ = {isa = PBXFileReference; fileEncoding = 4; lastKnownFileType = sourcecode.c.objc; path = ParsimmonNode.m; sourceTree = "<group>"; };
		B6B05E06180A85B500D7F34F /* ParsimmonNaiveBayesClassifier.h */ = {isa = PBXFileReference; fileEncoding = 4; lastKnownFileType = sourcecode.c.h; path = ParsimmonNaiveBayesClassifier.h; sourceTree = "<group>"; };
		B6B05E07180A85B500D7F34F /* ParsimmonNaiveBayesClassifier.m */ = {isa = PBXFileReference; fileEncoding = 4; lastKnownFileType = sourcecode.c.objc; path = ParsimmonNaiveBayesClassifier.m; sourceTree = "<group>"; };
		B6B05E34180B633F00D7F34F /* ClassifierViewController.h */ = {isa = PBXFileReference; fileEncoding = 4; lastKnownFileType = sourcecode.c.h; path = ClassifierViewController.h; sourceTree = "<group>"; };
		B6B05E35180B633F00D7F34F /* ClassifierViewController.m */ = {isa = PBXFileReference; fileEncoding = 4; lastKnownFileType = sourcecode.c.objc; path = ClassifierViewController.m; sourceTree = "<group>"; };
/* End PBXFileReference section */

/* Begin PBXFrameworksBuildPhase section */
		B67005741807D79500CFF860 /* Frameworks */ = {
			isa = PBXFrameworksBuildPhase;
			buildActionMask = 2147483647;
			files = (
				B67005B31808595600CFF860 /* UIKit.framework in Frameworks */,
				B670057D1807D79500CFF860 /* CoreGraphics.framework in Frameworks */,
				B670057B1807D79500CFF860 /* Foundation.framework in Frameworks */,
			);
			runOnlyForDeploymentPostprocessing = 0;
		};
		B67005951807D79500CFF860 /* Frameworks */ = {
			isa = PBXFrameworksBuildPhase;
			buildActionMask = 2147483647;
			files = (
				B670059A1807D79500CFF860 /* XCTest.framework in Frameworks */,
				B670059B1807D79500CFF860 /* Foundation.framework in Frameworks */,
			);
			runOnlyForDeploymentPostprocessing = 0;
		};
/* End PBXFrameworksBuildPhase section */

/* Begin PBXGroup section */
		B63E18BB18E618160006BD3E /* ParsimmonTests */ = {
			isa = PBXGroup;
			children = (
				B63E18BC18E618160006BD3E /* InfoPlist.strings */,
				B63E18BE18E618160006BD3E /* ParsimmonTests-Info.plist */,
				B63E18C018E618160006BD3E /* ParsimmonDecisionTreeTests.m */,
				B63E18C118E618160006BD3E /* ParsimmonLemmatizerTests.m */,
				B63E18C218E618160006BD3E /* ParsimmonTaggerTests.m */,
				B63E18C318E618160006BD3E /* ParsimmonTokenizerTests.m */,
				B692A4A819555E3800344E36 /* ParsimmonNaiveBayesClassifierTests.m */,
			);
			path = ParsimmonTests;
			sourceTree = "<group>";
		};
		B670056C1807D77000CFF860 = {
			isa = PBXGroup;
			children = (
				B67005AD1807D7F600CFF860 /* Parsimmon */,
				B63E18BB18E618160006BD3E /* ParsimmonTests */,
				B67005801807D79500CFF860 /* Example */,
				B67005791807D79500CFF860 /* Frameworks */,
				B67005781807D79500CFF860 /* Products */,
			);
			sourceTree = "<group>";
		};
		B67005781807D79500CFF860 /* Products */ = {
			isa = PBXGroup;
			children = (
				B67005771807D79500CFF860 /* Parsimmon.app */,
				B67005981807D79500CFF860 /* ParsimmonTests.xctest */,
			);
			name = Products;
			sourceTree = "<group>";
		};
		B67005791807D79500CFF860 /* Frameworks */ = {
			isa = PBXGroup;
			children = (
				B67005B21808595600CFF860 /* UIKit.framework */,
				B670057A1807D79500CFF860 /* Foundation.framework */,
				B670057C1807D79500CFF860 /* CoreGraphics.framework */,
				B67005991807D79500CFF860 /* XCTest.framework */,
			);
			name = Frameworks;
			sourceTree = "<group>";
		};
		B67005801807D79500CFF860 /* Example */ = {
			isa = PBXGroup;
			children = (
				B6B05E1E180B620100D7F34F /* Data */,
				B67005891807D79500CFF860 /* AppDelegate.h */,
				B670058A1807D79500CFF860 /* AppDelegate.m */,
				B670058C1807D79500CFF860 /* Main.storyboard */,
				B670058F1807D79500CFF860 /* TaggerViewController.h */,
				B67005901807D79500CFF860 /* TaggerViewController.m */,
				B6B05E34180B633F00D7F34F /* ClassifierViewController.h */,
				B6B05E35180B633F00D7F34F /* ClassifierViewController.m */,
				B67005921807D79500CFF860 /* Images.xcassets */,
				B67005811807D79500CFF860 /* Supporting Files */,
			);
			path = Example;
			sourceTree = "<group>";
		};
		B67005811807D79500CFF860 /* Supporting Files */ = {
			isa = PBXGroup;
			children = (
				B67005821807D79500CFF860 /* Example-Info.plist */,
				B67005831807D79500CFF860 /* InfoPlist.strings */,
				B67005861807D79500CFF860 /* main.m */,
				B67005881807D79500CFF860 /* Example-Prefix.pch */,
			);
			name = "Supporting Files";
			sourceTree = "<group>";
		};
		B67005AD1807D7F600CFF860 /* Parsimmon */ = {
			isa = PBXGroup;
			children = (
				B6700608180A2A5A00CFF860 /* Parsimmon.h */,
				B67005AE1807D80E00CFF860 /* ParsimmonTokenizer.h */,
				B67005AF1807D80E00CFF860 /* ParsimmonTokenizer.m */,
				B67005B91809CD5600CFF860 /* ParsimmonTagger.h */,
				B67005BA1809CD5600CFF860 /* ParsimmonTagger.m */,
				B67005BF180A05FC00CFF860 /* ParsimmonLemmatizer.h */,
				B67005C0180A05FC00CFF860 /* ParsimmonLemmatizer.m */,
				B6B05E05180A858000D7F34F /* Classifiers */,
				B67005C6180A19BD00CFF860 /* Seedlings */,
			);
			path = Parsimmon;
			sourceTree = "<group>";
		};
		B67005C6180A19BD00CFF860 /* Seedlings */ = {
			isa = PBXGroup;
			children = (
				B67005BC1809CE2F00CFF860 /* ParsimmonTaggedToken.h */,
				B67005BD1809CE2F00CFF860 /* ParsimmonTaggedToken.m */,
				B67005C2180A0A1D00CFF860 /* ParsimmonSeed.h */,
				B67005C3180A0A1D00CFF860 /* ParsimmonSeed.m */,
			);
			name = Seedlings;
			sourceTree = "<group>";
		};
		B6B05E05180A858000D7F34F /* Classifiers */ = {
			isa = PBXGroup;
			children = (
				B6B05E06180A85B500D7F34F /* ParsimmonNaiveBayesClassifier.h */,
				B6B05E07180A85B500D7F34F /* ParsimmonNaiveBayesClassifier.m */,
				B6A43FD118837077000F61BA /* ParsimmonDecisionTree.h */,
				B6A43FD218837077000F61BA /* ParsimmonDecisionTree.m */,
				B6A43FD418837CF6000F61BA /* ParsimmonNode.h */,
				B6A43FD518837CF6000F61BA /* ParsimmonNode.m */,
			);
			name = Classifiers;
			sourceTree = "<group>";
		};
		B6B05E1E180B620100D7F34F /* Data */ = {
			isa = PBXGroup;
			children = (
			);
			name = Data;
			sourceTree = "<group>";
		};
/* End PBXGroup section */

/* Begin PBXNativeTarget section */
		B67005761807D79500CFF860 /* Parsimmon */ = {
			isa = PBXNativeTarget;
			buildConfigurationList = B67005A71807D79500CFF860 /* Build configuration list for PBXNativeTarget "Parsimmon" */;
			buildPhases = (
				B67005731807D79500CFF860 /* Sources */,
				B67005741807D79500CFF860 /* Frameworks */,
				B67005751807D79500CFF860 /* Resources */,
			);
			buildRules = (
			);
			dependencies = (
			);
			name = Parsimmon;
			productName = Example;
			productReference = B67005771807D79500CFF860 /* Parsimmon.app */;
			productType = "com.apple.product-type.application";
		};
		B67005971807D79500CFF860 /* ParsimmonTests */ = {
			isa = PBXNativeTarget;
			buildConfigurationList = B67005AA1807D79500CFF860 /* Build configuration list for PBXNativeTarget "ParsimmonTests" */;
			buildPhases = (
				B67005941807D79500CFF860 /* Sources */,
				B67005951807D79500CFF860 /* Frameworks */,
				B67005961807D79500CFF860 /* Resources */,
			);
			buildRules = (
			);
			dependencies = (
				B670059E1807D79500CFF860 /* PBXTargetDependency */,
			);
			name = ParsimmonTests;
			productName = ExampleTests;
			productReference = B67005981807D79500CFF860 /* ParsimmonTests.xctest */;
			productType = "com.apple.product-type.bundle.unit-test";
		};
/* End PBXNativeTarget section */

/* Begin PBXProject section */
		B670056D1807D77000CFF860 /* Project object */ = {
			isa = PBXProject;
			attributes = {
				LastUpgradeCheck = 0510;
				TargetAttributes = {
					B67005971807D79500CFF860 = {
						TestTargetID = B67005761807D79500CFF860;
					};
				};
			};
			buildConfigurationList = B67005701807D77000CFF860 /* Build configuration list for PBXProject "Parsimmon" */;
			compatibilityVersion = "Xcode 3.2";
			developmentRegion = English;
			hasScannedForEncodings = 0;
			knownRegions = (
				en,
				Base,
			);
			mainGroup = B670056C1807D77000CFF860;
			productRefGroup = B67005781807D79500CFF860 /* Products */;
			projectDirPath = "";
			projectRoot = "";
			targets = (
				B67005761807D79500CFF860 /* Parsimmon */,
				B67005971807D79500CFF860 /* ParsimmonTests */,
			);
		};
/* End PBXProject section */

/* Begin PBXResourcesBuildPhase section */
		B67005751807D79500CFF860 /* Resources */ = {
			isa = PBXResourcesBuildPhase;
			buildActionMask = 2147483647;
			files = (
				B63E18C518E618160006BD3E /* ParsimmonTests-Info.plist in Resources */,
				B67005931807D79500CFF860 /* Images.xcassets in Resources */,
				B63E18C418E618160006BD3E /* InfoPlist.strings in Resources */,
				B67005851807D79500CFF860 /* InfoPlist.strings in Resources */,
				B670058E1807D79500CFF860 /* Main.storyboard in Resources */,
			);
			runOnlyForDeploymentPostprocessing = 0;
		};
		B67005961807D79500CFF860 /* Resources */ = {
			isa = PBXResourcesBuildPhase;
			buildActionMask = 2147483647;
			files = (
			);
			runOnlyForDeploymentPostprocessing = 0;
		};
/* End PBXResourcesBuildPhase section */

/* Begin PBXSourcesBuildPhase section */
		B67005731807D79500CFF860 /* Sources */ = {
			isa = PBXSourcesBuildPhase;
			buildActionMask = 2147483647;
			files = (
				B67005B01807D80E00CFF860 /* ParsimmonTokenizer.m in Sources */,
				B67005C4180A0A1D00CFF860 /* ParsimmonSeed.m in Sources */,
				B6A43FD618837CF6000F61BA /* ParsimmonNode.m in Sources */,
				B67005911807D79500CFF860 /* TaggerViewController.m in Sources */,
				B6A43FD318837077000F61BA /* ParsimmonDecisionTree.m in Sources */,
				B670058B1807D79500CFF860 /* AppDelegate.m in Sources */,
				B67005871807D79500CFF860 /* main.m in Sources */,
				B67005C1180A05FC00CFF860 /* ParsimmonLemmatizer.m in Sources */,
				B67005BE1809CE2F00CFF860 /* ParsimmonTaggedToken.m in Sources */,
				B6B05E36180B633F00D7F34F /* ClassifierViewController.m in Sources */,
				B6B05E08180A85B500D7F34F /* ParsimmonNaiveBayesClassifier.m in Sources */,
				B67005BB1809CD5600CFF860 /* ParsimmonTagger.m in Sources */,
			);
			runOnlyForDeploymentPostprocessing = 0;
		};
		B67005941807D79500CFF860 /* Sources */ = {
			isa = PBXSourcesBuildPhase;
			buildActionMask = 2147483647;
			files = (
				B63E18CE18E619750006BD3E /* ParsimmonTokenizerTests.m in Sources */,
				B63E18CC18E6196D0006BD3E /* ParsimmonLemmatizerTests.m in Sources */,
				B692A4A919555E3800344E36 /* ParsimmonNaiveBayesClassifierTests.m in Sources */,
				B63E18CD18E619710006BD3E /* ParsimmonTaggerTests.m in Sources */,
				B63E18CB18E6196A0006BD3E /* ParsimmonDecisionTreeTests.m in Sources */,
			);
			runOnlyForDeploymentPostprocessing = 0;
		};
/* End PBXSourcesBuildPhase section */

/* Begin PBXTargetDependency section */
		B670059E1807D79500CFF860 /* PBXTargetDependency */ = {
			isa = PBXTargetDependency;
			target = B67005761807D79500CFF860 /* Parsimmon */;
			targetProxy = B670059D1807D79500CFF860 /* PBXContainerItemProxy */;
		};
/* End PBXTargetDependency section */

/* Begin PBXVariantGroup section */
		B63E18BC18E618160006BD3E /* InfoPlist.strings */ = {
			isa = PBXVariantGroup;
			children = (
				B63E18BD18E618160006BD3E /* en */,
			);
			name = InfoPlist.strings;
			sourceTree = "<group>";
		};
		B67005831807D79500CFF860 /* InfoPlist.strings */ = {
			isa = PBXVariantGroup;
			children = (
				B67005841807D79500CFF860 /* en */,
			);
			name = InfoPlist.strings;
			sourceTree = "<group>";
		};
		B670058C1807D79500CFF860 /* Main.storyboard */ = {
			isa = PBXVariantGroup;
			children = (
				B670058D1807D79500CFF860 /* Base */,
			);
			name = Main.storyboard;
			sourceTree = "<group>";
		};
/* End PBXVariantGroup section */

/* Begin XCBuildConfiguration section */
		B67005711807D77000CFF860 /* Debug */ = {
			isa = XCBuildConfiguration;
			buildSettings = {
				GCC_GENERATE_TEST_COVERAGE_FILES = YES;
				GCC_INSTRUMENT_PROGRAM_FLOW_ARCS = YES;
				ONLY_ACTIVE_ARCH = YES;
			};
			name = Debug;
		};
		B67005721807D77000CFF860 /* Release */ = {
			isa = XCBuildConfiguration;
			buildSettings = {
				GCC_GENERATE_TEST_COVERAGE_FILES = YES;
				GCC_INSTRUMENT_PROGRAM_FLOW_ARCS = YES;
			};
			name = Release;
		};
		B67005A81807D79500CFF860 /* Debug */ = {
			isa = XCBuildConfiguration;
			buildSettings = {
				ALWAYS_SEARCH_USER_PATHS = NO;
				ASSETCATALOG_COMPILER_APPICON_NAME = AppIcon;
				ASSETCATALOG_COMPILER_LAUNCHIMAGE_NAME = LaunchImage;
				CLANG_CXX_LANGUAGE_STANDARD = "gnu++0x";
				CLANG_CXX_LIBRARY = "libc++";
				CLANG_ENABLE_MODULES = YES;
				CLANG_ENABLE_OBJC_ARC = YES;
				CLANG_WARN_BOOL_CONVERSION = YES;
				CLANG_WARN_CONSTANT_CONVERSION = YES;
				CLANG_WARN_DIRECT_OBJC_ISA_USAGE = YES_ERROR;
				CLANG_WARN_EMPTY_BODY = YES;
				CLANG_WARN_ENUM_CONVERSION = YES;
				CLANG_WARN_INT_CONVERSION = YES;
				CLANG_WARN_OBJC_ROOT_CLASS = YES_ERROR;
				CLANG_WARN__DUPLICATE_METHOD_MATCH = YES;
				"CODE_SIGN_IDENTITY[sdk=iphoneos*]" = "iPhone Developer";
				COPY_PHASE_STRIP = NO;
				FRAMEWORK_SEARCH_PATHS = (
					"$(inherited)",
					"$(DEVELOPER_FRAMEWORKS_DIR)",
				);
				GCC_C_LANGUAGE_STANDARD = gnu99;
				GCC_DYNAMIC_NO_PIC = NO;
				GCC_OPTIMIZATION_LEVEL = 0;
				GCC_PRECOMPILE_PREFIX_HEADER = YES;
				GCC_PREFIX_HEADER = "Example/Example-Prefix.pch";
				GCC_PREPROCESSOR_DEFINITIONS = (
					"DEBUG=1",
					"$(inherited)",
				);
				GCC_SYMBOLS_PRIVATE_EXTERN = NO;
				GCC_WARN_64_TO_32_BIT_CONVERSION = YES;
				GCC_WARN_ABOUT_RETURN_TYPE = YES_ERROR;
				GCC_WARN_UNDECLARED_SELECTOR = YES;
				GCC_WARN_UNINITIALIZED_AUTOS = YES;
				GCC_WARN_UNUSED_FUNCTION = YES;
				GCC_WARN_UNUSED_VARIABLE = YES;
				INFOPLIST_FILE = "Example/Example-Info.plist";
				IPHONEOS_DEPLOYMENT_TARGET = 7.0;
				ONLY_ACTIVE_ARCH = YES;
				PRODUCT_NAME = "$(TARGET_NAME)";
				SDKROOT = iphoneos;
				WRAPPER_EXTENSION = app;
			};
			name = Debug;
		};
		B67005A91807D79500CFF860 /* Release */ = {
			isa = XCBuildConfiguration;
			buildSettings = {
				ALWAYS_SEARCH_USER_PATHS = NO;
				ASSETCATALOG_COMPILER_APPICON_NAME = AppIcon;
				ASSETCATALOG_COMPILER_LAUNCHIMAGE_NAME = LaunchImage;
				CLANG_CXX_LANGUAGE_STANDARD = "gnu++0x";
				CLANG_CXX_LIBRARY = "libc++";
				CLANG_ENABLE_MODULES = YES;
				CLANG_ENABLE_OBJC_ARC = YES;
				CLANG_WARN_BOOL_CONVERSION = YES;
				CLANG_WARN_CONSTANT_CONVERSION = YES;
				CLANG_WARN_DIRECT_OBJC_ISA_USAGE = YES_ERROR;
				CLANG_WARN_EMPTY_BODY = YES;
				CLANG_WARN_ENUM_CONVERSION = YES;
				CLANG_WARN_INT_CONVERSION = YES;
				CLANG_WARN_OBJC_ROOT_CLASS = YES_ERROR;
				CLANG_WARN__DUPLICATE_METHOD_MATCH = YES;
				"CODE_SIGN_IDENTITY[sdk=iphoneos*]" = "iPhone Developer";
				COPY_PHASE_STRIP = YES;
				ENABLE_NS_ASSERTIONS = NO;
				FRAMEWORK_SEARCH_PATHS = (
					"$(inherited)",
					"$(DEVELOPER_FRAMEWORKS_DIR)",
				);
				GCC_C_LANGUAGE_STANDARD = gnu99;
				GCC_PRECOMPILE_PREFIX_HEADER = YES;
				GCC_PREFIX_HEADER = "Example/Example-Prefix.pch";
				GCC_WARN_64_TO_32_BIT_CONVERSION = YES;
				GCC_WARN_ABOUT_RETURN_TYPE = YES_ERROR;
				GCC_WARN_UNDECLARED_SELECTOR = YES;
				GCC_WARN_UNINITIALIZED_AUTOS = YES;
				GCC_WARN_UNUSED_FUNCTION = YES;
				GCC_WARN_UNUSED_VARIABLE = YES;
				INFOPLIST_FILE = "Example/Example-Info.plist";
				IPHONEOS_DEPLOYMENT_TARGET = 7.0;
				PRODUCT_NAME = "$(TARGET_NAME)";
				SDKROOT = iphoneos;
				VALIDATE_PRODUCT = YES;
				WRAPPER_EXTENSION = app;
			};
			name = Release;
		};
		B67005AB1807D79500CFF860 /* Debug */ = {
			isa = XCBuildConfiguration;
			buildSettings = {
				ALWAYS_SEARCH_USER_PATHS = NO;
				BUNDLE_LOADER = "$(BUILT_PRODUCTS_DIR)/Parsimmon.app/Parsimmon";
				CLANG_CXX_LANGUAGE_STANDARD = "gnu++0x";
				CLANG_CXX_LIBRARY = "libc++";
				CLANG_ENABLE_MODULES = YES;
				CLANG_ENABLE_OBJC_ARC = YES;
				CLANG_WARN_BOOL_CONVERSION = YES;
				CLANG_WARN_CONSTANT_CONVERSION = YES;
				CLANG_WARN_DIRECT_OBJC_ISA_USAGE = YES_ERROR;
				CLANG_WARN_EMPTY_BODY = YES;
				CLANG_WARN_ENUM_CONVERSION = YES;
				CLANG_WARN_INT_CONVERSION = YES;
				CLANG_WARN_OBJC_ROOT_CLASS = YES_ERROR;
				CLANG_WARN__DUPLICATE_METHOD_MATCH = YES;
				COPY_PHASE_STRIP = NO;
				FRAMEWORK_SEARCH_PATHS = (
					"$(SDKROOT)/Developer/Library/Frameworks",
					"$(inherited)",
					"$(DEVELOPER_FRAMEWORKS_DIR)",
				);
				GCC_C_LANGUAGE_STANDARD = gnu99;
				GCC_DYNAMIC_NO_PIC = NO;
				GCC_OPTIMIZATION_LEVEL = 0;
				GCC_PRECOMPILE_PREFIX_HEADER = YES;
				GCC_PREFIX_HEADER = "";
				GCC_PREPROCESSOR_DEFINITIONS = (
					"DEBUG=1",
					"$(inherited)",
				);
				GCC_SYMBOLS_PRIVATE_EXTERN = NO;
				GCC_WARN_64_TO_32_BIT_CONVERSION = YES;
				GCC_WARN_ABOUT_RETURN_TYPE = YES_ERROR;
				GCC_WARN_UNDECLARED_SELECTOR = YES;
				GCC_WARN_UNINITIALIZED_AUTOS = YES;
				GCC_WARN_UNUSED_FUNCTION = YES;
				GCC_WARN_UNUSED_VARIABLE = YES;
				INFOPLIST_FILE = "ParsimmonTests/ParsimmonTests-Info.plist";
				IPHONEOS_DEPLOYMENT_TARGET = 7.0;
				ONLY_ACTIVE_ARCH = YES;
				PRODUCT_NAME = "$(TARGET_NAME)";
				SDKROOT = iphoneos;
				TEST_HOST = "$(BUNDLE_LOADER)";
				WRAPPER_EXTENSION = xctest;
			};
			name = Debug;
		};
		B67005AC1807D79500CFF860 /* Release */ = {
			isa = XCBuildConfiguration;
			buildSettings = {
				ALWAYS_SEARCH_USER_PATHS = NO;
				BUNDLE_LOADER = "$(BUILT_PRODUCTS_DIR)/Parsimmon.app/Parsimmon";
				CLANG_CXX_LANGUAGE_STANDARD = "gnu++0x";
				CLANG_CXX_LIBRARY = "libc++";
				CLANG_ENABLE_MODULES = YES;
				CLANG_ENABLE_OBJC_ARC = YES;
				CLANG_WARN_BOOL_CONVERSION = YES;
				CLANG_WARN_CONSTANT_CONVERSION = YES;
				CLANG_WARN_DIRECT_OBJC_ISA_USAGE = YES_ERROR;
				CLANG_WARN_EMPTY_BODY = YES;
				CLANG_WARN_ENUM_CONVERSION = YES;
				CLANG_WARN_INT_CONVERSION = YES;
				CLANG_WARN_OBJC_ROOT_CLASS = YES_ERROR;
				CLANG_WARN__DUPLICATE_METHOD_MATCH = YES;
				COPY_PHASE_STRIP = YES;
				ENABLE_NS_ASSERTIONS = NO;
				FRAMEWORK_SEARCH_PATHS = (
					"$(SDKROOT)/Developer/Library/Frameworks",
					"$(inherited)",
					"$(DEVELOPER_FRAMEWORKS_DIR)",
				);
				GCC_C_LANGUAGE_STANDARD = gnu99;
				GCC_PRECOMPILE_PREFIX_HEADER = YES;
				GCC_PREFIX_HEADER = "";
				GCC_WARN_64_TO_32_BIT_CONVERSION = YES;
				GCC_WARN_ABOUT_RETURN_TYPE = YES_ERROR;
				GCC_WARN_UNDECLARED_SELECTOR = YES;
				GCC_WARN_UNINITIALIZED_AUTOS = YES;
				GCC_WARN_UNUSED_FUNCTION = YES;
				GCC_WARN_UNUSED_VARIABLE = YES;
				INFOPLIST_FILE = "ParsimmonTests/ParsimmonTests-Info.plist";
				IPHONEOS_DEPLOYMENT_TARGET = 7.0;
				PRODUCT_NAME = "$(TARGET_NAME)";
				SDKROOT = iphoneos;
				TEST_HOST = "$(BUNDLE_LOADER)";
				VALIDATE_PRODUCT = YES;
				WRAPPER_EXTENSION = xctest;
			};
			name = Release;
		};
/* End XCBuildConfiguration section */

/* Begin XCConfigurationList section */
		B67005701807D77000CFF860 /* Build configuration list for PBXProject "Parsimmon" */ = {
			isa = XCConfigurationList;
			buildConfigurations = (
				B67005711807D77000CFF860 /* Debug */,
				B67005721807D77000CFF860 /* Release */,
			);
			defaultConfigurationIsVisible = 0;
			defaultConfigurationName = Release;
		};
		B67005A71807D79500CFF860 /* Build configuration list for PBXNativeTarget "Parsimmon" */ = {
			isa = XCConfigurationList;
			buildConfigurations = (
				B67005A81807D79500CFF860 /* Debug */,
				B67005A91807D79500CFF860 /* Release */,
			);
			defaultConfigurationIsVisible = 0;
			defaultConfigurationName = Release;
		};
		B67005AA1807D79500CFF860 /* Build configuration list for PBXNativeTarget "ParsimmonTests" */ = {
			isa = XCConfigurationList;
			buildConfigurations = (
				B67005AB1807D79500CFF860 /* Debug */,
				B67005AC1807D79500CFF860 /* Release */,
			);
			defaultConfigurationIsVisible = 0;
			defaultConfigurationName = Release;
		};
/* End XCConfigurationList section */
	};
	rootObject = B670056D1807D77000CFF860 /* Project object */;
}
